
Microsoft Visual Studio Solution File, Format Version 12.00
# Visual Studio 15
VisualStudioVersion = 15.0.25807.0
MinimumVisualStudioVersion = 10.0.40219.1
Project("{2150E333-8FDC-42A3-9474-1A3956D46DE8}") = "Engine", "Engine", "{94A6C6F3-99B3-346E-9557-ABF9D4064DBD}"
EndProject
Project("{2150E333-8FDC-42A3-9474-1A3956D46DE8}") = "Games", "Games", "{8E2F6A87-1826-34F4-940C-CC23A48F9FE4}"
EndProject
Project("{8BC9CEB8-8B4A-11D0-8D11-00A0C91BC942}") = "UE4", "Intermediate\ProjectFiles\UE4.vcxproj", "{C5846052-7F02-4DF6-B52A-8890145611E8}"
EndProject
Project("{8BC9CEB8-8B4A-11D0-8D11-00A0C91BC942}") = "JS", "Intermediate\ProjectFiles\JS.vcxproj", "{002A464D-C673-4302-B7A7-6379736A6EF0}"
EndProject
Project("{2150E333-8FDC-42A3-9474-1A3956D46DE8}") = "Visualizers", "Visualizers", "{1CCEC849-CC72-4C59-8C36-2F7C38706D4C}"
	ProjectSection(SolutionItems) = preProject
		..\..\UE4\UE4Engine\UE_4.26\Engine\Extras\VisualStudioDebugging\UE4.natvis = ..\..\UE4\UE4Engine\UE_4.26\Engine\Extras\VisualStudioDebugging\UE4.natvis
	EndProjectSection
EndProject
Global
	GlobalSection(SolutionConfigurationPlatforms) = preSolution
		DebugGame Editor|Android = DebugGame Editor|Android
		DebugGame Editor|Linux = DebugGame Editor|Linux
		DebugGame Editor|LinuxAArch64 = DebugGame Editor|LinuxAArch64
		DebugGame Editor|Win32 = DebugGame Editor|Win32
		DebugGame Editor|Win64 = DebugGame Editor|Win64
		DebugGame|Android = DebugGame|Android
		DebugGame|Linux = DebugGame|Linux
		DebugGame|LinuxAArch64 = DebugGame|LinuxAArch64
		DebugGame|Win32 = DebugGame|Win32
		DebugGame|Win64 = DebugGame|Win64
		Development Editor|Android = Development Editor|Android
		Development Editor|Linux = Development Editor|Linux
		Development Editor|LinuxAArch64 = Development Editor|LinuxAArch64
		Development Editor|Win32 = Development Editor|Win32
		Development Editor|Win64 = Development Editor|Win64
		Development|Android = Development|Android
		Development|Linux = Development|Linux
		Development|LinuxAArch64 = Development|LinuxAArch64
		Development|Win32 = Development|Win32
		Development|Win64 = Development|Win64
		Shipping|Android = Shipping|Android
		Shipping|Linux = Shipping|Linux
		Shipping|LinuxAArch64 = Shipping|LinuxAArch64
		Shipping|Win32 = Shipping|Win32
		Shipping|Win64 = Shipping|Win64
	EndGlobalSection
	GlobalSection(ProjectConfigurationPlatforms) = postSolution
		{C5846052-7F02-4DF6-B52A-8890145611E8}.DebugGame Editor|Android.ActiveCfg = BuiltWithUnrealBuildTool|Win32
		{C5846052-7F02-4DF6-B52A-8890145611E8}.DebugGame Editor|Linux.ActiveCfg = BuiltWithUnrealBuildTool|Win32
		{C5846052-7F02-4DF6-B52A-8890145611E8}.DebugGame Editor|LinuxAArch64.ActiveCfg = BuiltWithUnrealBuildTool|Win32
		{C5846052-7F02-4DF6-B52A-8890145611E8}.DebugGame Editor|Win32.ActiveCfg = BuiltWithUnrealBuildTool|Win32
		{C5846052-7F02-4DF6-B52A-8890145611E8}.DebugGame Editor|Win64.ActiveCfg = BuiltWithUnrealBuildTool|Win32
		{C5846052-7F02-4DF6-B52A-8890145611E8}.DebugGame|Android.ActiveCfg = BuiltWithUnrealBuildTool|Win32
		{C5846052-7F02-4DF6-B52A-8890145611E8}.DebugGame|Linux.ActiveCfg = BuiltWithUnrealBuildTool|Win32
		{C5846052-7F02-4DF6-B52A-8890145611E8}.DebugGame|LinuxAArch64.ActiveCfg = BuiltWithUnrealBuildTool|Win32
		{C5846052-7F02-4DF6-B52A-8890145611E8}.DebugGame|Win32.ActiveCfg = BuiltWithUnrealBuildTool|Win32
		{C5846052-7F02-4DF6-B52A-8890145611E8}.DebugGame|Win64.ActiveCfg = BuiltWithUnrealBuildTool|Win32
		{C5846052-7F02-4DF6-B52A-8890145611E8}.Development Editor|Android.ActiveCfg = BuiltWithUnrealBuildTool|Win32
		{C5846052-7F02-4DF6-B52A-8890145611E8}.Development Editor|Linux.ActiveCfg = BuiltWithUnrealBuildTool|Win32
		{C5846052-7F02-4DF6-B52A-8890145611E8}.Development Editor|LinuxAArch64.ActiveCfg = BuiltWithUnrealBuildTool|Win32
		{C5846052-7F02-4DF6-B52A-8890145611E8}.Development Editor|Win32.ActiveCfg = BuiltWithUnrealBuildTool|Win32
		{C5846052-7F02-4DF6-B52A-8890145611E8}.Development Editor|Win64.ActiveCfg = BuiltWithUnrealBuildTool|Win32
		{C5846052-7F02-4DF6-B52A-8890145611E8}.Development|Android.ActiveCfg = BuiltWithUnrealBuildTool|Win32
		{C5846052-7F02-4DF6-B52A-8890145611E8}.Development|Linux.ActiveCfg = BuiltWithUnrealBuildTool|Win32
		{C5846052-7F02-4DF6-B52A-8890145611E8}.Development|LinuxAArch64.ActiveCfg = BuiltWithUnrealBuildTool|Win32
		{C5846052-7F02-4DF6-B52A-8890145611E8}.Development|Win32.ActiveCfg = BuiltWithUnrealBuildTool|Win32
		{C5846052-7F02-4DF6-B52A-8890145611E8}.Development|Win64.ActiveCfg = BuiltWithUnrealBuildTool|Win32
		{C5846052-7F02-4DF6-B52A-8890145611E8}.Shipping|Android.ActiveCfg = BuiltWithUnrealBuildTool|Win32
		{C5846052-7F02-4DF6-B52A-8890145611E8}.Shipping|Linux.ActiveCfg = BuiltWithUnrealBuildTool|Win32
		{C5846052-7F02-4DF6-B52A-8890145611E8}.Shipping|LinuxAArch64.ActiveCfg = BuiltWithUnrealBuildTool|Win32
		{C5846052-7F02-4DF6-B52A-8890145611E8}.Shipping|Win32.ActiveCfg = BuiltWithUnrealBuildTool|Win32
		{C5846052-7F02-4DF6-B52A-8890145611E8}.Shipping|Win64.ActiveCfg = BuiltWithUnrealBuildTool|Win32
		{002A464D-C673-4302-B7A7-6379736A6EF0}.DebugGame Editor|Android.ActiveCfg = Invalid|Win32
		{002A464D-C673-4302-B7A7-6379736A6EF0}.DebugGame Editor|Linux.ActiveCfg = Linux_DebugGame_Editor|Win32
		{002A464D-C673-4302-B7A7-6379736A6EF0}.DebugGame Editor|Linux.Build.0 = Linux_DebugGame_Editor|Win32
		{002A464D-C673-4302-B7A7-6379736A6EF0}.DebugGame Editor|LinuxAArch64.ActiveCfg = Invalid|Win32
		{002A464D-C673-4302-B7A7-6379736A6EF0}.DebugGame Editor|Win32.ActiveCfg = Invalid|Win32
		{002A464D-C673-4302-B7A7-6379736A6EF0}.DebugGame Editor|Win64.ActiveCfg = DebugGame_Editor|x64
		{002A464D-C673-4302-B7A7-6379736A6EF0}.DebugGame Editor|Win64.Build.0 = DebugGame_Editor|x64
		{002A464D-C673-4302-B7A7-6379736A6EF0}.DebugGame|Android.ActiveCfg = Android_DebugGame|Win32
		{002A464D-C673-4302-B7A7-6379736A6EF0}.DebugGame|Android.Build.0 = Android_DebugGame|Win32
		{002A464D-C673-4302-B7A7-6379736A6EF0}.DebugGame|Linux.ActiveCfg = Linux_DebugGame|Win32
		{002A464D-C673-4302-B7A7-6379736A6EF0}.DebugGame|Linux.Build.0 = Linux_DebugGame|Win32
		{002A464D-C673-4302-B7A7-6379736A6EF0}.DebugGame|LinuxAArch64.ActiveCfg = LinuxAArch64_DebugGame|Win32
		{002A464D-C673-4302-B7A7-6379736A6EF0}.DebugGame|LinuxAArch64.Build.0 = LinuxAArch64_DebugGame|Win32
		{002A464D-C673-4302-B7A7-6379736A6EF0}.DebugGame|Win32.ActiveCfg = DebugGame|Win32
		{002A464D-C673-4302-B7A7-6379736A6EF0}.DebugGame|Win32.Build.0 = DebugGame|Win32
		{002A464D-C673-4302-B7A7-6379736A6EF0}.DebugGame|Win64.ActiveCfg = DebugGame|x64
		{002A464D-C673-4302-B7A7-6379736A6EF0}.DebugGame|Win64.Build.0 = DebugGame|x64
		{002A464D-C673-4302-B7A7-6379736A6EF0}.Development Editor|Android.ActiveCfg = Invalid|Win32
		{002A464D-C673-4302-B7A7-6379736A6EF0}.Development Editor|Linux.ActiveCfg = Linux_Development_Editor|Win32
		{002A464D-C673-4302-B7A7-6379736A6EF0}.Development Editor|Linux.Build.0 = Linux_Development_Editor|Win32
		{002A464D-C673-4302-B7A7-6379736A6EF0}.Development Editor|LinuxAArch64.ActiveCfg = Invalid|Win32
		{002A464D-C673-4302-B7A7-6379736A6EF0}.Development Editor|Win32.ActiveCfg = Invalid|Win32
		{002A464D-C673-4302-B7A7-6379736A6EF0}.Development Editor|Win64.ActiveCfg = Development_Editor|x64
		{002A464D-C673-4302-B7A7-6379736A6EF0}.Development Editor|Win64.Build.0 = Development_Editor|x64
		{002A464D-C673-4302-B7A7-6379736A6EF0}.Development|Android.ActiveCfg = Android_Development|Win32
		{002A464D-C673-4302-B7A7-6379736A6EF0}.Development|Android.Build.0 = Android_Development|Win32
		{002A464D-C673-4302-B7A7-6379736A6EF0}.Development|Linux.ActiveCfg = Linux_Development|Win32
		{002A464D-C673-4302-B7A7-6379736A6EF0}.Development|Linux.Build.0 = Linux_Development|Win32
		{002A464D-C673-4302-B7A7-6379736A6EF0}.Development|LinuxAArch64.ActiveCfg = LinuxAArch64_Development|Win32
		{002A464D-C673-4302-B7A7-6379736A6EF0}.Development|LinuxAArch64.Build.0 = LinuxAArch64_Development|Win32
		{002A464D-C673-4302-B7A7-6379736A6EF0}.Development|Win32.ActiveCfg = Development|Win32
		{002A464D-C673-4302-B7A7-6379736A6EF0}.Development|Win32.Build.0 = Development|Win32
		{002A464D-C673-4302-B7A7-6379736A6EF0}.Development|Win64.ActiveCfg = Development|x64
		{002A464D-C673-4302-B7A7-6379736A6EF0}.Development|Win64.Build.0 = Development|x64
		{002A464D-C673-4302-B7A7-6379736A6EF0}.Shipping|Android.ActiveCfg = Android_Shipping|Win32
		{002A464D-C673-4302-B7A7-6379736A6EF0}.Shipping|Android.Build.0 = Android_Shipping|Win32
		{002A464D-C673-4302-B7A7-6379736A6EF0}.Shipping|Linux.ActiveCfg = Linux_Shipping|Win32
		{002A464D-C673-4302-B7A7-6379736A6EF0}.Shipping|Linux.Build.0 = Linux_Shipping|Win32
		{002A464D-C673-4302-B7A7-6379736A6EF0}.Shipping|LinuxAArch64.ActiveCfg = LinuxAArch64_Shipping|Win32
		{002A464D-C673-4302-B7A7-6379736A6EF0}.Shipping|LinuxAArch64.Build.0 = LinuxAArch64_Shipping|Win32
		{002A464D-C673-4302-B7A7-6379736A6EF0}.Shipping|Win32.ActiveCfg = Shipping|Win32
		{002A464D-C673-4302-B7A7-6379736A6EF0}.Shipping|Win32.Build.0 = Shipping|Win32
		{002A464D-C673-4302-B7A7-6379736A6EF0}.Shipping|Win64.ActiveCfg = Shipping|x64
		{002A464D-C673-4302-B7A7-6379736A6EF0}.Shipping|Win64.Build.0 = Shipping|x64
	EndGlobalSection
	GlobalSection(SolutionProperties) = preSolution
		HideSolutionNode = FALSE
	EndGlobalSection
	GlobalSection(NestedProjects) = preSolution
		{C5846052-7F02-4DF6-B52A-8890145611E8} = {94A6C6F3-99B3-346E-9557-ABF9D4064DBD}
		{002A464D-C673-4302-B7A7-6379736A6EF0} = {8E2F6A87-1826-34F4-940C-CC23A48F9FE4}
	EndGlobalSection
EndGlobal
